dependencies:
- name: redpanda
  repository: https://charts.redpanda.com
  version: 26.2.2
- name: source-pg
  repository: file://charts/source-pg
  version: 0.2.0
- name: connect
  repository: file://charts/connect
  version: 0.1.0
- name: deid
  repository: file://charts/deid
  version: 0.1.0
- name: sink-pg
  repository: file://charts/sink-pg
  version: 0.1.0
- name: pitctl
  repository: file://charts/pitctl
  version: 0.1.0
digest: sha256:f0561aeef12c78abb36c0151c769e08bce8ce49f5d0b325ff73ecdf1381b75fc
generated: "2026-08-19T14:13:35.612446-04:00"
